// !$*UTF8*$!
{
	archiveVersion = 1;
	classes = {
	};
	objectVersion = 46;
	objects = {

/* Begin PBXBuildFile section */
		6B019F6F154832C400122D48 /* XCAbstractDefinition.m in Sources */ = {isa = PBXBuildFile; fileRef = 6B51E2FD1547FEDD00DBA0BD /* XCAbstractDefinition.m */; };
		6B01A05B154A206600122D48 /* XCAbstractDefinition.h in Headers */ = {isa = PBXBuildFile; fileRef = 6B51E2FC1547FEDD00DBA0BD /* XCAbstractDefinition.h */; settings = {ATTRIBUTES = (Public, ); }; };
		6B01A07A154A337A00122D48 /* goat-funny.png in Resources */ = {isa = PBXBuildFile; fileRef = 6B01A079154A337A00122D48 /* goat-funny.png */; };
		6B01A07C154A34BC00122D48 /* goat-funny.png in Copy Test Resources to /tmp */ = {isa = PBXBuildFile; fileRef = 6B01A079154A337A00122D48 /* goat-funny.png */; };
		6B3ACFE114F8A2FE00BCFE81 /* Cocoa.framework in Frameworks */ = {isa = PBXBuildFile; fileRef = 6BC10164147775A40055CF03 /* Cocoa.framework */; };
		6B3AD03014F8A3AC00BCFE81 /* XCClassDefinition.h in Headers */ = {isa = PBXBuildFile; fileRef = 6B3AD01914F8A3AC00BCFE81 /* XCClassDefinition.h */; settings = {ATTRIBUTES = (Public, ); }; };
		6B3AD03114F8A3AC00BCFE81 /* XCClassDefinition.m in Sources */ = {isa = PBXBuildFile; fileRef = 6B3AD01A14F8A3AC00BCFE81 /* XCClassDefinition.m */; };
		6B3AD03214F8A3AC00BCFE81 /* XCClassDefinition.m in Sources */ = {isa = PBXBuildFile; fileRef = 6B3AD01A14F8A3AC00BCFE81 /* XCClassDefinition.m */; };
		6B3AD03314F8A3AC00BCFE81 /* XCSourceFile.h in Headers */ = {isa = PBXBuildFile; fileRef = 6B3AD01B14F8A3AC00BCFE81 /* XCSourceFile.h */; settings = {ATTRIBUTES = (Public, ); }; };
		6B3AD03414F8A3AC00BCFE81 /* XCSourceFile.m in Sources */ = {isa = PBXBuildFile; fileRef = 6B3AD01C14F8A3AC00BCFE81 /* XCSourceFile.m */; };
		6B3AD03514F8A3AC00BCFE81 /* XCSourceFile.m in Sources */ = {isa = PBXBuildFile; fileRef = 6B3AD01C14F8A3AC00BCFE81 /* XCSourceFile.m */; };
		6B3AD03614F8A3AC00BCFE81 /* XCFileOperationQueue.h in Headers */ = {isa = PBXBuildFile; fileRef = 6B3AD01D14F8A3AC00BCFE81 /* XCFileOperationQueue.h */; settings = {ATTRIBUTES = (Public, ); }; };
		6B3AD03714F8A3AC00BCFE81 /* XCFileOperationQueue.m in Sources */ = {isa = PBXBuildFile; fileRef = 6B3AD01E14F8A3AC00BCFE81 /* XCFileOperationQueue.m */; };
		6B3AD03814F8A3AC00BCFE81 /* XCFileOperationQueue.m in Sources */ = {isa = PBXBuildFile; fileRef = 6B3AD01E14F8A3AC00BCFE81 /* XCFileOperationQueue.m */; };
		6B3AD03914F8A3AC00BCFE81 /* XCGroup.h in Headers */ = {isa = PBXBuildFile; fileRef = 6B3AD01F14F8A3AC00BCFE81 /* XCGroup.h */; settings = {ATTRIBUTES = (Public, ); }; };
		6B3AD03A14F8A3AC00BCFE81 /* XCGroup.m in Sources */ = {isa = PBXBuildFile; fileRef = 6B3AD02014F8A3AC00BCFE81 /* XCGroup.m */; };
		6B3AD03B14F8A3AC00BCFE81 /* XCGroup.m in Sources */ = {isa = PBXBuildFile; fileRef = 6B3AD02014F8A3AC00BCFE81 /* XCGroup.m */; };
		6B3AD03C14F8A3AC00BCFE81 /* XCKeyBuilder.h in Headers */ = {isa = PBXBuildFile; fileRef = 6B3AD02114F8A3AC00BCFE81 /* XCKeyBuilder.h */; settings = {ATTRIBUTES = (Public, ); }; };
		6B3AD03D14F8A3AC00BCFE81 /* XCKeyBuilder.m in Sources */ = {isa = PBXBuildFile; fileRef = 6B3AD02214F8A3AC00BCFE81 /* XCKeyBuilder.m */; };
		6B3AD03E14F8A3AC00BCFE81 /* XCKeyBuilder.m in Sources */ = {isa = PBXBuildFile; fileRef = 6B3AD02214F8A3AC00BCFE81 /* XCKeyBuilder.m */; };
		6B3AD03F14F8A3AC00BCFE81 /* XCProject.h in Headers */ = {isa = PBXBuildFile; fileRef = 6B3AD02314F8A3AC00BCFE81 /* XCProject.h */; settings = {ATTRIBUTES = (Public, ); }; };
		6B3AD04014F8A3AC00BCFE81 /* XCProject.m in Sources */ = {isa = PBXBuildFile; fileRef = 6B3AD02414F8A3AC00BCFE81 /* XCProject.m */; };
		6B3AD04114F8A3AC00BCFE81 /* XCProject.m in Sources */ = {isa = PBXBuildFile; fileRef = 6B3AD02414F8A3AC00BCFE81 /* XCProject.m */; };
		6B3AD04214F8A3AC00BCFE81 /* XCTarget.h in Headers */ = {isa = PBXBuildFile; fileRef = 6B3AD02514F8A3AC00BCFE81 /* XCTarget.h */; settings = {ATTRIBUTES = (Public, ); }; };
		6B3AD04314F8A3AC00BCFE81 /* XCTarget.m in Sources */ = {isa = PBXBuildFile; fileRef = 6B3AD02614F8A3AC00BCFE81 /* XCTarget.m */; };
		6B3AD04414F8A3AC00BCFE81 /* XCTarget.m in Sources */ = {isa = PBXBuildFile; fileRef = 6B3AD02614F8A3AC00BCFE81 /* XCTarget.m */; };
		6B3AD04514F8A3AC00BCFE81 /* XcodeSourceFileType.h in Headers */ = {isa = PBXBuildFile; fileRef = 6B3AD02714F8A3AC00BCFE81 /* XcodeSourceFileType.h */; settings = {ATTRIBUTES = (Public, ); }; };
		6B3AD04614F8A3AC00BCFE81 /* XcodeSourceFileType.m in Sources */ = {isa = PBXBuildFile; fileRef = 6B3AD02814F8A3AC00BCFE81 /* XcodeSourceFileType.m */; };
		6B3AD04714F8A3AC00BCFE81 /* XcodeSourceFileType.m in Sources */ = {isa = PBXBuildFile; fileRef = 6B3AD02814F8A3AC00BCFE81 /* XcodeSourceFileType.m */; };
		6B3AD04814F8A3AC00BCFE81 /* XcodeMemberType.h in Headers */ = {isa = PBXBuildFile; fileRef = 6B3AD02914F8A3AC00BCFE81 /* XcodeMemberType.h */; settings = {ATTRIBUTES = (Public, ); }; };
		6B3AD04914F8A3AC00BCFE81 /* XcodeMemberType.m in Sources */ = {isa = PBXBuildFile; fileRef = 6B3AD02A14F8A3AC00BCFE81 /* XcodeMemberType.m */; };
		6B3AD04A14F8A3AC00BCFE81 /* XcodeMemberType.m in Sources */ = {isa = PBXBuildFile; fileRef = 6B3AD02A14F8A3AC00BCFE81 /* XcodeMemberType.m */; };
		6B3AD06114F8A3B400BCFE81 /* ClassDefinitionSpec.m in Sources */ = {isa = PBXBuildFile; fileRef = 6B3AD05114F8A3B400BCFE81 /* ClassDefinitionSpec.m */; };
		6B3AD06214F8A3B400BCFE81 /* InfoPlist.strings in Resources */ = {isa = PBXBuildFile; fileRef = 6B3AD05214F8A3B400BCFE81 /* InfoPlist.strings */; };
		6B3AD06314F8A3B400BCFE81 /* GroupSpec.m in Sources */ = {isa = PBXBuildFile; fileRef = 6B3AD05414F8A3B400BCFE81 /* GroupSpec.m */; };
		6B3AD06414F8A3B400BCFE81 /* KeyBuilderSpec.m in Sources */ = {isa = PBXBuildFile; fileRef = 6B3AD05514F8A3B400BCFE81 /* KeyBuilderSpec.m */; };
		6B3AD06514F8A3B400BCFE81 /* ProjectSpec.m in Sources */ = {isa = PBXBuildFile; fileRef = 6B3AD05614F8A3B400BCFE81 /* ProjectSpec.m */; };
		6B3AD06614F8A3B400BCFE81 /* ESA_Sales_Foobar_ViewController.header in Resources */ = {isa = PBXBuildFile; fileRef = 6B3AD05814F8A3B400BCFE81 /* ESA_Sales_Foobar_ViewController.header */; };
		6B3AD06714F8A3B400BCFE81 /* ESA_Sales_Foobar_ViewController.impl in Resources */ = {isa = PBXBuildFile; fileRef = 6B3AD05914F8A3B400BCFE81 /* ESA_Sales_Foobar_ViewController.impl */; };
		6B3AD06814F8A3B400BCFE81 /* project.pbxproj in Resources */ = {isa = PBXBuildFile; fileRef = 6B3AD05A14F8A3B400BCFE81 /* project.pbxproj */; };
		6B3AD06A14F8A3B400BCFE81 /* NSString+TestResource.m in Sources */ = {isa = PBXBuildFile; fileRef = 6B3AD05F14F8A3B400BCFE81 /* NSString+TestResource.m */; };
		6B3AD06B14F8A3B400BCFE81 /* XcodeFileReferenceTypeSpec.m in Sources */ = {isa = PBXBuildFile; fileRef = 6B3AD06014F8A3B400BCFE81 /* XcodeFileReferenceTypeSpec.m */; };
		6B4B61221588A070003639E8 /* XCSubProjectDefinition.m in Sources */ = {isa = PBXBuildFile; fileRef = E94DE11415443AC100C5125F /* XCSubProjectDefinition.m */; };
		6B4B61281588A4D6003639E8 /* Person.impl in Resources */ = {isa = PBXBuildFile; fileRef = 6B4B61271588A4D6003639E8 /* Person.impl */; };
		6B4B612A1588A4E1003639E8 /* Person.impl in Copy Test Resources to /tmp */ = {isa = PBXBuildFile; fileRef = 6B4B61271588A4D6003639E8 /* Person.impl */; };
		6B51E2FE1547FEDD00DBA0BD /* XCAbstractDefinition.m in Sources */ = {isa = PBXBuildFile; fileRef = 6B51E2FD1547FEDD00DBA0BD /* XCAbstractDefinition.m */; };
		6B55223714EA723700494CF3 /* SenTestingKit.framework in Frameworks */ = {isa = PBXBuildFile; fileRef = 6BD8982D14EA2441007875F4 /* SenTestingKit.framework */; };
		6B55223814EA723700494CF3 /* Cocoa.framework in Frameworks */ = {isa = PBXBuildFile; fileRef = 6BC10164147775A40055CF03 /* Cocoa.framework */; };
		6B65941714F8A54400F65AEC /* libKiwi.a in Frameworks */ = {isa = PBXBuildFile; fileRef = 6B65941614F8A54400F65AEC /* libKiwi.a */; };
		6B65941E14F8A56C00F65AEC /* InfoPlist.strings in Resources */ = {isa = PBXBuildFile; fileRef = 6B65941A14F8A56C00F65AEC /* InfoPlist.strings */; };
		6B65941F14F8A56C00F65AEC /* InfoPlist.strings in Resources */ = {isa = PBXBuildFile; fileRef = 6B65941A14F8A56C00F65AEC /* InfoPlist.strings */; };
		6B65942014F8A56C00F65AEC /* XcodeEditor-Info.plist in Resources */ = {isa = PBXBuildFile; fileRef = 6B65941C14F8A56C00F65AEC /* XcodeEditor-Info.plist */; };
		6B65942214F8A56C00F65AEC /* XcodeEditor-Prefix.pch in Headers */ = {isa = PBXBuildFile; fileRef = 6B65941D14F8A56C00F65AEC /* XcodeEditor-Prefix.pch */; };
		6B65942314F8AAB100F65AEC /* ESA_Sales_Foobar_ViewController.header in Copy Test Resources to /tmp */ = {isa = PBXBuildFile; fileRef = 6B3AD05814F8A3B400BCFE81 /* ESA_Sales_Foobar_ViewController.header */; };
		6B65942414F8AAB100F65AEC /* ESA_Sales_Foobar_ViewController.impl in Copy Test Resources to /tmp */ = {isa = PBXBuildFile; fileRef = 6B3AD05914F8A3B400BCFE81 /* ESA_Sales_Foobar_ViewController.impl */; };
		6B65942514F8AAB100F65AEC /* project.pbxproj in Copy Test Resources to /tmp */ = {isa = PBXBuildFile; fileRef = 6B3AD05A14F8A3B400BCFE81 /* project.pbxproj */; };
		6BB7136F154575B3003614C2 /* HelloWorldLayer.impl in Copy Test Resources to /tmp */ = {isa = PBXBuildFile; fileRef = E94DE11415443AC100C51254 /* HelloWorldLayer.impl */; };
		6BB71370154575B3003614C2 /* HelloWorldLayer.header in Copy Test Resources to /tmp */ = {isa = PBXBuildFile; fileRef = E94DE11415443AC100C51252 /* HelloWorldLayer.header */; };
		6BBD6C9714ECF28200451BA2 /* libz.dylib in Frameworks */ = {isa = PBXBuildFile; fileRef = 6BBD6C9614ECF28200451BA2 /* libz.dylib */; };
		6BE0AAF81505D7C4004C27DA /* ESA.Sales.Foobar.xib in Copy Test Resources to /tmp */ = {isa = PBXBuildFile; fileRef = 6BE4B285147E6B610059E45C /* ESA.Sales.Foobar.xib */; };
		6BE4B285147E6B610059E451 /* expanz-iOS-SDK.zip in Resources */ = {isa = PBXBuildFile; fileRef = 6BE4B285147E6B610059E450 /* expanz-iOS-SDK.zip */; };
		6BE4B285147E6B610059E453 /* XcodeGroupMember.h in Headers */ = {isa = PBXBuildFile; fileRef = 6BE4B285147E6B610059E452 /* XcodeGroupMember.h */; settings = {ATTRIBUTES = (Public, ); }; };
		6BE4B285147E6B610059E458 /* XCXibDefinition.m in Sources */ = {isa = PBXBuildFile; fileRef = 6BE4B285147E6B610059E457 /* XCXibDefinition.m */; };
		6BE4B285147E6B610059E459 /* XCXibDefinition.m in Sources */ = {isa = PBXBuildFile; fileRef = 6BE4B285147E6B610059E457 /* XCXibDefinition.m */; };
		6BE4B285147E6B610059E45B /* XCXibDefinition.h in Headers */ = {isa = PBXBuildFile; fileRef = 6BE4B285147E6B610059E45A /* XCXibDefinition.h */; settings = {ATTRIBUTES = (Public, ); }; };
		6BE4B285147E6B610059E45D /* ESA.Sales.Foobar.xib in Resources */ = {isa = PBXBuildFile; fileRef = 6BE4B285147E6B610059E45C /* ESA.Sales.Foobar.xib */; };
		6BE4B285147E6B610059E45F /* XCFrameworkDefinition.m in Sources */ = {isa = PBXBuildFile; fileRef = 6BE4B285147E6B610059E45E /* XCFrameworkDefinition.m */; };
		6BE4B285147E6B610059E460 /* XCFrameworkDefinition.m in Sources */ = {isa = PBXBuildFile; fileRef = 6BE4B285147E6B610059E45E /* XCFrameworkDefinition.m */; };
		6BE4B285147E6B610059E462 /* XCFrameworkDefinition.h in Headers */ = {isa = PBXBuildFile; fileRef = 6BE4B285147E6B610059E461 /* XCFrameworkDefinition.h */; settings = {ATTRIBUTES = (Public, ); }; };
		6BE9748E15AF0B31004472E2 /* OCLogTemplate.h in Headers */ = {isa = PBXBuildFile; fileRef = 6BE9748D15AF0B31004472E2 /* OCLogTemplate.h */; };
		923C35D715DFA9AF001AEE44 /* XCBuildConfigurationList.h in Headers */ = {isa = PBXBuildFile; fileRef = 923C35D515DFA9AF001AEE44 /* XCBuildConfigurationList.h */; };
		923C35D815DFA9AF001AEE44 /* XCBuildConfigurationList.m in Sources */ = {isa = PBXBuildFile; fileRef = 923C35D615DFA9AF001AEE44 /* XCBuildConfigurationList.m */; };
		923C35D915DFA9AF001AEE44 /* XCBuildConfigurationList.m in Sources */ = {isa = PBXBuildFile; fileRef = 923C35D615DFA9AF001AEE44 /* XCBuildConfigurationList.m */; };
		BA79845028C69EFC6F98AFF5 /* XcodeEditor.h in Headers */ = {isa = PBXBuildFile; fileRef = BA79848F199FA8B3F3DFA16E /* XcodeEditor.h */; };
		E94DE11415443AC100C51253 /* HelloWorldLayer.header in Resources */ = {isa = PBXBuildFile; fileRef = E94DE11415443AC100C51252 /* HelloWorldLayer.header */; };
		E94DE11415443AC100C51255 /* HelloWorldLayer.impl in Resources */ = {isa = PBXBuildFile; fileRef = E94DE11415443AC100C51254 /* HelloWorldLayer.impl */; };
		E94DE11415443AC100C51257 /* HelloBoxy.zip in Resources */ = {isa = PBXBuildFile; fileRef = E94DE11415443AC100C51256 /* HelloBoxy.zip */; };
		E94DE11415443AC100C5125A /* XCSourceFileDefinition.m in Sources */ = {isa = PBXBuildFile; fileRef = E94DE11415443AC100C51259 /* XCSourceFileDefinition.m */; };
		E94DE11415443AC100C5125B /* XCSourceFileDefinition.m in Sources */ = {isa = PBXBuildFile; fileRef = E94DE11415443AC100C51259 /* XCSourceFileDefinition.m */; };
		E94DE11415443AC100C5125D /* XCSourceFileDefinition.h in Headers */ = {isa = PBXBuildFile; fileRef = E94DE11415443AC100C5125C /* XCSourceFileDefinition.h */; settings = {ATTRIBUTES = (Public, ); }; };
		E94DE11415443AC100C51260 /* XCSubProjectDefinition.m in Sources */ = {isa = PBXBuildFile; fileRef = E94DE11415443AC100C5125F /* XCSubProjectDefinition.m */; };
		E94DE11415443AC100C51262 /* SubProjectDefinitionSpec.m in Sources */ = {isa = PBXBuildFile; fileRef = E94DE11415443AC100C51261 /* SubProjectDefinitionSpec.m */; };
		E94DE11415443AC100C51264 /* (null) in Sources */ = {isa = PBXBuildFile; };
		E94DE11415443AC100C51265 /* (null) in Sources */ = {isa = PBXBuildFile; };
		E94DE11415443AC100C51269 /* (null) in Sources */ = {isa = PBXBuildFile; };
		E94DE11415443AC100C5126A /* (null) in Sources */ = {isa = PBXBuildFile; };
		E94DE11415443AC100C5126E /* XCProject+SubProject.m in Sources */ = {isa = PBXBuildFile; fileRef = E94DE11415443AC100C5126D /* XCProject+SubProject.m */; };
		E94DE11415443AC100C5126F /* XCProject+SubProject.m in Sources */ = {isa = PBXBuildFile; fileRef = E94DE11415443AC100C5126D /* XCProject+SubProject.m */; };
		E94DE11415443AC100C51271 /* XCProject+SubProject.h in Headers */ = {isa = PBXBuildFile; fileRef = E94DE11415443AC100C51270 /* XCProject+SubProject.h */; };
/* End PBXBuildFile section */

/* Begin PBXCopyFilesBuildPhase section */
		6BD1B46314EBAD0E00F5AD1C /* Copy Test Resources to /tmp */ = {
			isa = PBXCopyFilesBuildPhase;
			buildActionMask = 2147483647;
			dstPath = /tmp;
			dstSubfolderSpec = 0;
			files = (
				6B4B612A1588A4E1003639E8 /* Person.impl in Copy Test Resources to /tmp */,
				6B01A07C154A34BC00122D48 /* goat-funny.png in Copy Test Resources to /tmp */,
				6BB7136F154575B3003614C2 /* HelloWorldLayer.impl in Copy Test Resources to /tmp */,
				6BB71370154575B3003614C2 /* HelloWorldLayer.header in Copy Test Resources to /tmp */,
				6B65942314F8AAB100F65AEC /* ESA_Sales_Foobar_ViewController.header in Copy Test Resources to /tmp */,
				6BE0AAF81505D7C4004C27DA /* ESA.Sales.Foobar.xib in Copy Test Resources to /tmp */,
				6B65942414F8AAB100F65AEC /* ESA_Sales_Foobar_ViewController.impl in Copy Test Resources to /tmp */,
				6B65942514F8AAB100F65AEC /* project.pbxproj in Copy Test Resources to /tmp */,
			);
			name = "Copy Test Resources to /tmp";
			runOnlyForDeploymentPostprocessing = 0;
		};
/* End PBXCopyFilesBuildPhase section */

/* Begin PBXFileReference section */
		6B01A079154A337A00122D48 /* goat-funny.png */ = {isa = PBXFileReference; lastKnownFileType = image.png; path = "goat-funny.png"; sourceTree = "<group>"; };
		6B3ACFE014F8A2FE00BCFE81 /* XcodeEditor.framework */ = {isa = PBXFileReference; explicitFileType = wrapper.framework; includeInIndex = 0; path = XcodeEditor.framework; sourceTree = BUILT_PRODUCTS_DIR; };
		6B3AD01914F8A3AC00BCFE81 /* XCClassDefinition.h */ = {isa = PBXFileReference; fileEncoding = 4; lastKnownFileType = sourcecode.c.h; path = XCClassDefinition.h; sourceTree = "<group>"; };
		6B3AD01A14F8A3AC00BCFE81 /* XCClassDefinition.m */ = {isa = PBXFileReference; fileEncoding = 4; lastKnownFileType = sourcecode.c.objc; path = XCClassDefinition.m; sourceTree = "<group>"; };
		6B3AD01B14F8A3AC00BCFE81 /* XCSourceFile.h */ = {isa = PBXFileReference; fileEncoding = 4; lastKnownFileType = sourcecode.c.h; path = XCSourceFile.h; sourceTree = "<group>"; };
		6B3AD01C14F8A3AC00BCFE81 /* XCSourceFile.m */ = {isa = PBXFileReference; fileEncoding = 4; lastKnownFileType = sourcecode.c.objc; path = XCSourceFile.m; sourceTree = "<group>"; };
		6B3AD01D14F8A3AC00BCFE81 /* XCFileOperationQueue.h */ = {isa = PBXFileReference; fileEncoding = 4; lastKnownFileType = sourcecode.c.h; path = XCFileOperationQueue.h; sourceTree = "<group>"; };
		6B3AD01E14F8A3AC00BCFE81 /* XCFileOperationQueue.m */ = {isa = PBXFileReference; fileEncoding = 4; lastKnownFileType = sourcecode.c.objc; path = XCFileOperationQueue.m; sourceTree = "<group>"; };
		6B3AD01F14F8A3AC00BCFE81 /* XCGroup.h */ = {isa = PBXFileReference; fileEncoding = 4; lastKnownFileType = sourcecode.c.h; path = XCGroup.h; sourceTree = "<group>"; };
		6B3AD02014F8A3AC00BCFE81 /* XCGroup.m */ = {isa = PBXFileReference; fileEncoding = 4; lastKnownFileType = sourcecode.c.objc; path = XCGroup.m; sourceTree = "<group>"; };
		6B3AD02114F8A3AC00BCFE81 /* XCKeyBuilder.h */ = {isa = PBXFileReference; fileEncoding = 4; lastKnownFileType = sourcecode.c.h; path = XCKeyBuilder.h; sourceTree = "<group>"; };
		6B3AD02214F8A3AC00BCFE81 /* XCKeyBuilder.m */ = {isa = PBXFileReference; fileEncoding = 4; lastKnownFileType = sourcecode.c.objc; path = XCKeyBuilder.m; sourceTree = "<group>"; };
		6B3AD02314F8A3AC00BCFE81 /* XCProject.h */ = {isa = PBXFileReference; fileEncoding = 4; lastKnownFileType = sourcecode.c.h; path = XCProject.h; sourceTree = "<group>"; };
		6B3AD02414F8A3AC00BCFE81 /* XCProject.m */ = {isa = PBXFileReference; fileEncoding = 4; lastKnownFileType = sourcecode.c.objc; path = XCProject.m; sourceTree = "<group>"; };
		6B3AD02514F8A3AC00BCFE81 /* XCTarget.h */ = {isa = PBXFileReference; fileEncoding = 4; lastKnownFileType = sourcecode.c.h; path = XCTarget.h; sourceTree = "<group>"; };
		6B3AD02614F8A3AC00BCFE81 /* XCTarget.m */ = {isa = PBXFileReference; fileEncoding = 4; lastKnownFileType = sourcecode.c.objc; path = XCTarget.m; sourceTree = "<group>"; };
		6B3AD02714F8A3AC00BCFE81 /* XcodeSourceFileType.h */ = {isa = PBXFileReference; fileEncoding = 4; lastKnownFileType = sourcecode.c.h; path = XcodeSourceFileType.h; sourceTree = "<group>"; };
		6B3AD02814F8A3AC00BCFE81 /* XcodeSourceFileType.m */ = {isa = PBXFileReference; fileEncoding = 4; lastKnownFileType = sourcecode.c.objc; path = XcodeSourceFileType.m; sourceTree = "<group>"; };
		6B3AD02914F8A3AC00BCFE81 /* XcodeMemberType.h */ = {isa = PBXFileReference; fileEncoding = 4; lastKnownFileType = sourcecode.c.h; path = XcodeMemberType.h; sourceTree = "<group>"; };
		6B3AD02A14F8A3AC00BCFE81 /* XcodeMemberType.m */ = {isa = PBXFileReference; fileEncoding = 4; lastKnownFileType = sourcecode.c.objc; path = XcodeMemberType.m; sourceTree = "<group>"; };
		6B3AD05114F8A3B400BCFE81 /* ClassDefinitionSpec.m */ = {isa = PBXFileReference; fileEncoding = 4; lastKnownFileType = sourcecode.c.objc; path = ClassDefinitionSpec.m; sourceTree = "<group>"; };
		6B3AD05314F8A3B400BCFE81 /* en */ = {isa = PBXFileReference; lastKnownFileType = text.plist.strings; name = en; path = en.lproj/InfoPlist.strings; sourceTree = "<group>"; };
		6B3AD05414F8A3B400BCFE81 /* GroupSpec.m */ = {isa = PBXFileReference; fileEncoding = 4; lastKnownFileType = sourcecode.c.objc; path = GroupSpec.m; sourceTree = "<group>"; };
		6B3AD05514F8A3B400BCFE81 /* KeyBuilderSpec.m */ = {isa = PBXFileReference; fileEncoding = 4; lastKnownFileType = sourcecode.c.objc; path = KeyBuilderSpec.m; sourceTree = "<group>"; };
		6B3AD05614F8A3B400BCFE81 /* ProjectSpec.m */ = {isa = PBXFileReference; fileEncoding = 4; lastKnownFileType = sourcecode.c.objc; path = ProjectSpec.m; sourceTree = "<group>"; };
		6B3AD05814F8A3B400BCFE81 /* ESA_Sales_Foobar_ViewController.header */ = {isa = PBXFileReference; fileEncoding = 4; lastKnownFileType = text; path = ESA_Sales_Foobar_ViewController.header; sourceTree = "<group>"; };
		6B3AD05914F8A3B400BCFE81 /* ESA_Sales_Foobar_ViewController.impl */ = {isa = PBXFileReference; fileEncoding = 4; lastKnownFileType = text; path = ESA_Sales_Foobar_ViewController.impl; sourceTree = "<group>"; };
		6B3AD05A14F8A3B400BCFE81 /* project.pbxproj */ = {isa = PBXFileReference; fileEncoding = 4; lastKnownFileType = text.pbxproject; path = project.pbxproj; sourceTree = "<group>"; };
		6B3AD05B14F8A3B400BCFE81 /* Tests-Info.plist */ = {isa = PBXFileReference; fileEncoding = 4; lastKnownFileType = text.plist.xml; path = "Tests-Info.plist"; sourceTree = "<group>"; };
		6B3AD05C14F8A3B400BCFE81 /* Tests-Prefix.pch */ = {isa = PBXFileReference; fileEncoding = 4; lastKnownFileType = sourcecode.c.h; path = "Tests-Prefix.pch"; sourceTree = "<group>"; };
		6B3AD05E14F8A3B400BCFE81 /* NSString+TestResource.h */ = {isa = PBXFileReference; fileEncoding = 4; lastKnownFileType = sourcecode.c.h; path = "NSString+TestResource.h"; sourceTree = "<group>"; };
		6B3AD05F14F8A3B400BCFE81 /* NSString+TestResource.m */ = {isa = PBXFileReference; fileEncoding = 4; lastKnownFileType = sourcecode.c.objc; path = "NSString+TestResource.m"; sourceTree = "<group>"; };
		6B3AD06014F8A3B400BCFE81 /* XcodeFileReferenceTypeSpec.m */ = {isa = PBXFileReference; fileEncoding = 4; lastKnownFileType = sourcecode.c.objc; path = XcodeFileReferenceTypeSpec.m; sourceTree = "<group>"; };
		6B41FDA714F60C5E00004897 /* libprofile_rt.dylib */ = {isa = PBXFileReference; lastKnownFileType = "compiled.mach-o.dylib"; name = libprofile_rt.dylib; path = Toolchains/XcodeDefault.xctoolchain/usr/lib/libprofile_rt.dylib; sourceTree = DEVELOPER_DIR; };
		6B4B61271588A4D6003639E8 /* Person.impl */ = {isa = PBXFileReference; fileEncoding = 4; lastKnownFileType = text; path = Person.impl; sourceTree = "<group>"; };
		6B51E2FC1547FEDD00DBA0BD /* XCAbstractDefinition.h */ = {isa = PBXFileReference; fileEncoding = 4; lastKnownFileType = sourcecode.c.h; path = XCAbstractDefinition.h; sourceTree = "<group>"; };
		6B51E2FD1547FEDD00DBA0BD /* XCAbstractDefinition.m */ = {isa = PBXFileReference; fileEncoding = 4; lastKnownFileType = sourcecode.c.objc; path = XCAbstractDefinition.m; sourceTree = "<group>"; };
		6B55223614EA723700494CF3 /* Tests.octest */ = {isa = PBXFileReference; explicitFileType = wrapper.cfbundle; includeInIndex = 0; path = Tests.octest; sourceTree = BUILT_PRODUCTS_DIR; };
		6B65941614F8A54400F65AEC /* libKiwi.a */ = {isa = PBXFileReference; lastKnownFileType = archive.ar; name = libKiwi.a; path = Dependencies/Libraries/libKiwi.a; sourceTree = SOURCE_ROOT; };
		6B65941B14F8A56C00F65AEC /* en */ = {isa = PBXFileReference; lastKnownFileType = text.plist.strings; name = en; path = en.lproj/InfoPlist.strings; sourceTree = "<group>"; };
		6B65941C14F8A56C00F65AEC /* XcodeEditor-Info.plist */ = {isa = PBXFileReference; fileEncoding = 4; lastKnownFileType = text.plist.xml; path = "XcodeEditor-Info.plist"; sourceTree = "<group>"; };
		6B65941D14F8A56C00F65AEC /* XcodeEditor-Prefix.pch */ = {isa = PBXFileReference; fileEncoding = 4; lastKnownFileType = sourcecode.c.h; path = "XcodeEditor-Prefix.pch"; sourceTree = "<group>"; };
		6B789B7C14E37ACB00DAA872 /* Quartz.framework */ = {isa = PBXFileReference; lastKnownFileType = wrapper.framework; name = Quartz.framework; path = System/Library/Frameworks/Quartz.framework; sourceTree = SDKROOT; };
		6B789B7D14E37ACB00DAA872 /* QuartzCore.framework */ = {isa = PBXFileReference; lastKnownFileType = wrapper.framework; name = QuartzCore.framework; path = System/Library/Frameworks/QuartzCore.framework; sourceTree = SDKROOT; };
		6BBD6C9614ECF28200451BA2 /* libz.dylib */ = {isa = PBXFileReference; lastKnownFileType = "compiled.mach-o.dylib"; name = libz.dylib; path = usr/lib/libz.dylib; sourceTree = SDKROOT; };
		6BC10164147775A40055CF03 /* Cocoa.framework */ = {isa = PBXFileReference; lastKnownFileType = wrapper.framework; name = Cocoa.framework; path = System/Library/Frameworks/Cocoa.framework; sourceTree = SDKROOT; };
		6BC10167147775A40055CF03 /* AppKit.framework */ = {isa = PBXFileReference; lastKnownFileType = wrapper.framework; name = AppKit.framework; path = System/Library/Frameworks/AppKit.framework; sourceTree = SDKROOT; };
		6BC10168147775A40055CF03 /* CoreData.framework */ = {isa = PBXFileReference; lastKnownFileType = wrapper.framework; name = CoreData.framework; path = System/Library/Frameworks/CoreData.framework; sourceTree = SDKROOT; };
		6BC10169147775A40055CF03 /* Foundation.framework */ = {isa = PBXFileReference; lastKnownFileType = wrapper.framework; name = Foundation.framework; path = System/Library/Frameworks/Foundation.framework; sourceTree = SDKROOT; };
		6BC1018B1477A42F0055CF03 /* Foundation.framework */ = {isa = PBXFileReference; lastKnownFileType = wrapper.framework; name = Foundation.framework; path = System/Library/Frameworks/Foundation.framework; sourceTree = SDKROOT; };
		6BD8982D14EA2441007875F4 /* SenTestingKit.framework */ = {isa = PBXFileReference; lastKnownFileType = wrapper.framework; name = SenTestingKit.framework; path = Library/Frameworks/SenTestingKit.framework; sourceTree = DEVELOPER_DIR; };
		6BE4B285147E6B610059E450 /* expanz-iOS-SDK.zip */ = {isa = PBXFileReference; lastKnownFileType = archive.zip; path = "expanz-iOS-SDK.zip"; sourceTree = "<group>"; };
		6BE4B285147E6B610059E452 /* XcodeGroupMember.h */ = {isa = PBXFileReference; fileEncoding = 4; lastKnownFileType = sourcecode.c.h; path = XcodeGroupMember.h; sourceTree = "<group>"; };
		6BE4B285147E6B610059E455 /* XCEnumUtils.h */ = {isa = PBXFileReference; fileEncoding = 4; lastKnownFileType = sourcecode.c.h; path = XCEnumUtils.h; sourceTree = "<group>"; };
		6BE4B285147E6B610059E457 /* XCXibDefinition.m */ = {isa = PBXFileReference; fileEncoding = 4; lastKnownFileType = sourcecode.c.objc; path = XCXibDefinition.m; sourceTree = "<group>"; };
		6BE4B285147E6B610059E45A /* XCXibDefinition.h */ = {isa = PBXFileReference; fileEncoding = 4; lastKnownFileType = sourcecode.c.h; path = XCXibDefinition.h; sourceTree = "<group>"; };
		6BE4B285147E6B610059E45C /* ESA.Sales.Foobar.xib */ = {isa = PBXFileReference; lastKnownFileType = file.xib; path = ESA.Sales.Foobar.xib; sourceTree = "<group>"; };
		6BE4B285147E6B610059E45E /* XCFrameworkDefinition.m */ = {isa = PBXFileReference; fileEncoding = 4; lastKnownFileType = sourcecode.c.objc; path = XCFrameworkDefinition.m; sourceTree = "<group>"; };
		6BE4B285147E6B610059E461 /* XCFrameworkDefinition.h */ = {isa = PBXFileReference; fileEncoding = 4; lastKnownFileType = sourcecode.c.h; path = XCFrameworkDefinition.h; sourceTree = "<group>"; };
		6BE9748D15AF0B31004472E2 /* OCLogTemplate.h */ = {isa = PBXFileReference; fileEncoding = 4; lastKnownFileType = sourcecode.c.h; path = OCLogTemplate.h; sourceTree = "<group>"; };
		923C35D515DFA9AF001AEE44 /* XCBuildConfigurationList.h */ = {isa = PBXFileReference; fileEncoding = 4; lastKnownFileType = sourcecode.c.h; path = XCBuildConfigurationList.h; sourceTree = "<group>"; };
		923C35D615DFA9AF001AEE44 /* XCBuildConfigurationList.m */ = {isa = PBXFileReference; fileEncoding = 4; lastKnownFileType = sourcecode.c.objc; path = XCBuildConfigurationList.m; sourceTree = "<group>"; };
		92E640F015EB65500077FD86 /* XCMemoryUtils.h */ = {isa = PBXFileReference; lastKnownFileType = sourcecode.c.h; path = XCMemoryUtils.h; sourceTree = "<group>"; };
		BA79848F199FA8B3F3DFA16E /* XcodeEditor.h */ = {isa = PBXFileReference; fileEncoding = 4; lastKnownFileType = sourcecode.c.h; path = XcodeEditor.h; sourceTree = "<group>"; };
		E94DE11415443AC100C51252 /* HelloWorldLayer.header */ = {isa = PBXFileReference; lastKnownFileType = file.header; path = HelloWorldLayer.header; sourceTree = "<group>"; };
		E94DE11415443AC100C51254 /* HelloWorldLayer.impl */ = {isa = PBXFileReference; lastKnownFileType = file.impl; path = HelloWorldLayer.impl; sourceTree = "<group>"; };
		E94DE11415443AC100C51256 /* HelloBoxy.zip */ = {isa = PBXFileReference; lastKnownFileType = archive.zip; path = HelloBoxy.zip; sourceTree = "<group>"; };
		E94DE11415443AC100C51259 /* XCSourceFileDefinition.m */ = {isa = PBXFileReference; fileEncoding = 4; lastKnownFileType = sourcecode.c.objc; path = XCSourceFileDefinition.m; sourceTree = "<group>"; };
		E94DE11415443AC100C5125C /* XCSourceFileDefinition.h */ = {isa = PBXFileReference; fileEncoding = 4; lastKnownFileType = sourcecode.c.h; path = XCSourceFileDefinition.h; sourceTree = "<group>"; };
		E94DE11415443AC100C5125E /* XCSubProjectDefinition.h */ = {isa = PBXFileReference; fileEncoding = 4; lastKnownFileType = sourcecode.c.h; path = XCSubProjectDefinition.h; sourceTree = "<group>"; };
		E94DE11415443AC100C5125F /* XCSubProjectDefinition.m */ = {isa = PBXFileReference; fileEncoding = 4; lastKnownFileType = sourcecode.c.objc; path = XCSubProjectDefinition.m; sourceTree = "<group>"; };
		E94DE11415443AC100C51261 /* SubProjectDefinitionSpec.m */ = {isa = PBXFileReference; fileEncoding = 4; lastKnownFileType = sourcecode.c.objc; path = SubProjectDefinitionSpec.m; sourceTree = "<group>"; };
		E94DE11415443AC100C5126D /* XCProject+SubProject.m */ = {isa = PBXFileReference; fileEncoding = 4; lastKnownFileType = sourcecode.c.objc; path = "XCProject+SubProject.m"; sourceTree = "<group>"; };
		E94DE11415443AC100C51270 /* XCProject+SubProject.h */ = {isa = PBXFileReference; fileEncoding = 4; lastKnownFileType = sourcecode.c.h; path = "XCProject+SubProject.h"; sourceTree = "<group>"; };
/* End PBXFileReference section */

/* Begin PBXFrameworksBuildPhase section */
		6B3ACFDC14F8A2FE00BCFE81 /* Frameworks */ = {
			isa = PBXFrameworksBuildPhase;
			buildActionMask = 2147483647;
			files = (
				6B3ACFE114F8A2FE00BCFE81 /* Cocoa.framework in Frameworks */,
			);
			runOnlyForDeploymentPostprocessing = 0;
		};
		6B55223214EA723700494CF3 /* Frameworks */ = {
			isa = PBXFrameworksBuildPhase;
			buildActionMask = 2147483647;
			files = (
				6BBD6C9714ECF28200451BA2 /* libz.dylib in Frameworks */,
				6B55223714EA723700494CF3 /* SenTestingKit.framework in Frameworks */,
				6B55223814EA723700494CF3 /* Cocoa.framework in Frameworks */,
				6B65941714F8A54400F65AEC /* libKiwi.a in Frameworks */,
			);
			runOnlyForDeploymentPostprocessing = 0;
		};
/* End PBXFrameworksBuildPhase section */

/* Begin PBXGroup section */
		6B3AD01814F8A3AC00BCFE81 /* Main */ = {
			isa = PBXGroup;
			children = (
				BA79848F199FA8B3F3DFA16E /* XcodeEditor.h */,
				E94DE11415443AC100C51270 /* XCProject+SubProject.h */,
				E94DE11415443AC100C5126D /* XCProject+SubProject.m */,
				E94DE11415443AC100C5125F /* XCSubProjectDefinition.m */,
				E94DE11415443AC100C5125E /* XCSubProjectDefinition.h */,
				E94DE11415443AC100C5125C /* XCSourceFileDefinition.h */,
				E94DE11415443AC100C51259 /* XCSourceFileDefinition.m */,
				6B51E2FC1547FEDD00DBA0BD /* XCAbstractDefinition.h */,
				6B51E2FD1547FEDD00DBA0BD /* XCAbstractDefinition.m */,
				6BE4B285147E6B610059E461 /* XCFrameworkDefinition.h */,
				6BE4B285147E6B610059E45E /* XCFrameworkDefinition.m */,
				6B3AD02814F8A3AC00BCFE81 /* XcodeSourceFileType.m */,
				6B3AD02714F8A3AC00BCFE81 /* XcodeSourceFileType.h */,
				6B3AD02A14F8A3AC00BCFE81 /* XcodeMemberType.m */,
				6B3AD02914F8A3AC00BCFE81 /* XcodeMemberType.h */,
				6BE4B285147E6B610059E452 /* XcodeGroupMember.h */,
				6BE4B285147E6B610059E457 /* XCXibDefinition.m */,
				6BE4B285147E6B610059E45A /* XCXibDefinition.h */,
				6B3AD02614F8A3AC00BCFE81 /* XCTarget.m */,
				6B3AD02514F8A3AC00BCFE81 /* XCTarget.h */,
				6B3AD01C14F8A3AC00BCFE81 /* XCSourceFile.m */,
				6B3AD01B14F8A3AC00BCFE81 /* XCSourceFile.h */,
				6B3AD02414F8A3AC00BCFE81 /* XCProject.m */,
				6B3AD02314F8A3AC00BCFE81 /* XCProject.h */,
				6B3AD02014F8A3AC00BCFE81 /* XCGroup.m */,
				6B3AD01F14F8A3AC00BCFE81 /* XCGroup.h */,
				6B3AD01E14F8A3AC00BCFE81 /* XCFileOperationQueue.m */,
				6B3AD01D14F8A3AC00BCFE81 /* XCFileOperationQueue.h */,
				6B3AD01A14F8A3AC00BCFE81 /* XCClassDefinition.m */,
				6B3AD01914F8A3AC00BCFE81 /* XCClassDefinition.h */,
				923C35D615DFA9AF001AEE44 /* XCBuildConfigurationList.m */,
				923C35D515DFA9AF001AEE44 /* XCBuildConfigurationList.h */,
				6B65941914F8A56C00F65AEC /* Resources */,
				E94DE11415443AC100C51258 /* Utils */,
			);
			path = Main;
			sourceTree = "<group>";
		};
		6B3AD05014F8A3B400BCFE81 /* Tests */ = {
			isa = PBXGroup;
			children = (
				E94DE11415443AC100C51261 /* SubProjectDefinitionSpec.m */,
				6B3AD05114F8A3B400BCFE81 /* ClassDefinitionSpec.m */,
				6B3AD05214F8A3B400BCFE81 /* InfoPlist.strings */,
				6B3AD05414F8A3B400BCFE81 /* GroupSpec.m */,
				6B3AD05514F8A3B400BCFE81 /* KeyBuilderSpec.m */,
				6B3AD05614F8A3B400BCFE81 /* ProjectSpec.m */,
				6B3AD05714F8A3B400BCFE81 /* Resources */,
				6B3AD05B14F8A3B400BCFE81 /* Tests-Info.plist */,
				6B3AD05C14F8A3B400BCFE81 /* Tests-Prefix.pch */,
				6B3AD05D14F8A3B400BCFE81 /* Utils */,
				6B3AD06014F8A3B400BCFE81 /* XcodeFileReferenceTypeSpec.m */,
			);
			path = Tests;
			sourceTree = "<group>";
		};
		6B3AD05714F8A3B400BCFE81 /* Resources */ = {
			isa = PBXGroup;
			children = (
				6B4B61271588A4D6003639E8 /* Person.impl */,
				6B01A079154A337A00122D48 /* goat-funny.png */,
				E94DE11415443AC100C51256 /* HelloBoxy.zip */,
				E94DE11415443AC100C51254 /* HelloWorldLayer.impl */,
				E94DE11415443AC100C51252 /* HelloWorldLayer.header */,
				6BE4B285147E6B610059E45C /* ESA.Sales.Foobar.xib */,
				6BE4B285147E6B610059E450 /* expanz-iOS-SDK.zip */,
				6B3AD05814F8A3B400BCFE81 /* ESA_Sales_Foobar_ViewController.header */,
				6B3AD05914F8A3B400BCFE81 /* ESA_Sales_Foobar_ViewController.impl */,
				6B3AD05A14F8A3B400BCFE81 /* project.pbxproj */,
			);
			path = Resources;
			sourceTree = "<group>";
		};
		6B3AD05D14F8A3B400BCFE81 /* Utils */ = {
			isa = PBXGroup;
			children = (
				6B3AD05E14F8A3B400BCFE81 /* NSString+TestResource.h */,
				6B3AD05F14F8A3B400BCFE81 /* NSString+TestResource.m */,
			);
			path = Utils;
			sourceTree = "<group>";
		};
		6B65941214F8A53300F65AEC /* External */ = {
			isa = PBXGroup;
			children = (
				6BE9748C15AF0B31004472E2 /* OCLogTemplate */,
				6B65941614F8A54400F65AEC /* libKiwi.a */,
			);
			name = External;
			path = Dependencies/External;
			sourceTree = "<group>";
		};
		6B65941914F8A56C00F65AEC /* Resources */ = {
			isa = PBXGroup;
			children = (
				6B65941A14F8A56C00F65AEC /* InfoPlist.strings */,
				6B65941C14F8A56C00F65AEC /* XcodeEditor-Info.plist */,
				6B65941D14F8A56C00F65AEC /* XcodeEditor-Prefix.pch */,
			);
			path = Resources;
			sourceTree = "<group>";
		};
		6BC10155147775A40055CF03 = {
			isa = PBXGroup;
			children = (
				6B65941214F8A53300F65AEC /* External */,
				6BE4B285147E6B610059E44D /* Source */,
				6BC10163147775A40055CF03 /* Frameworks */,
				6BC10161147775A40055CF03 /* Products */,
			);
			sourceTree = "<group>";
		};
		6BC10161147775A40055CF03 /* Products */ = {
			isa = PBXGroup;
			children = (
				6B55223614EA723700494CF3 /* Tests.octest */,
				6B3ACFE014F8A2FE00BCFE81 /* XcodeEditor.framework */,
			);
			name = Products;
			sourceTree = "<group>";
		};
		6BC10163147775A40055CF03 /* Frameworks */ = {
			isa = PBXGroup;
			children = (
				6B41FDA714F60C5E00004897 /* libprofile_rt.dylib */,
				6BBD6C9614ECF28200451BA2 /* libz.dylib */,
				6B789B7D14E37ACB00DAA872 /* QuartzCore.framework */,
				6B789B7C14E37ACB00DAA872 /* Quartz.framework */,
				6BC10164147775A40055CF03 /* Cocoa.framework */,
				6BC1018B1477A42F0055CF03 /* Foundation.framework */,
				6BD8982D14EA2441007875F4 /* SenTestingKit.framework */,
				6BC10166147775A40055CF03 /* Other Frameworks */,
			);
			name = Frameworks;
			sourceTree = "<group>";
		};
		6BC10166147775A40055CF03 /* Other Frameworks */ = {
			isa = PBXGroup;
			children = (
				6BC10167147775A40055CF03 /* AppKit.framework */,
				6BC10168147775A40055CF03 /* CoreData.framework */,
				6BC10169147775A40055CF03 /* Foundation.framework */,
			);
			name = "Other Frameworks";
			sourceTree = "<group>";
		};
		6BE4B285147E6B610059E44D /* Source */ = {
			isa = PBXGroup;
			children = (
				6B3AD05014F8A3B400BCFE81 /* Tests */,
				6B3AD01814F8A3AC00BCFE81 /* Main */,
			);
			path = Source;
			sourceTree = "<group>";
		};
		6BE9748C15AF0B31004472E2 /* OCLogTemplate */ = {
			isa = PBXGroup;
			children = (
				6BE9748D15AF0B31004472E2 /* OCLogTemplate.h */,
			);
			path = OCLogTemplate;
			sourceTree = "<group>";
		};
		E94DE11415443AC100C51258 /* Utils */ = {
			isa = PBXGroup;
			children = (
				6B3AD02214F8A3AC00BCFE81 /* XCKeyBuilder.m */,
				6B3AD02114F8A3AC00BCFE81 /* XCKeyBuilder.h */,
				6BE4B285147E6B610059E455 /* XCEnumUtils.h */,
				92E640F015EB65500077FD86 /* XCMemoryUtils.h */,
			);
			path = Utils;
			sourceTree = "<group>";
		};
/* End PBXGroup section */

/* Begin PBXHeadersBuildPhase section */
		6B3ACFDD14F8A2FE00BCFE81 /* Headers */ = {
			isa = PBXHeadersBuildPhase;
			buildActionMask = 2147483647;
			files = (
				6B3AD03014F8A3AC00BCFE81 /* XCClassDefinition.h in Headers */,
				6B3AD03314F8A3AC00BCFE81 /* XCSourceFile.h in Headers */,
				6B3AD03614F8A3AC00BCFE81 /* XCFileOperationQueue.h in Headers */,
				6B01A05B154A206600122D48 /* XCAbstractDefinition.h in Headers */,
				6B3AD03914F8A3AC00BCFE81 /* XCGroup.h in Headers */,
				6B3AD03C14F8A3AC00BCFE81 /* XCKeyBuilder.h in Headers */,
				6B3AD03F14F8A3AC00BCFE81 /* XCProject.h in Headers */,
				6B3AD04214F8A3AC00BCFE81 /* XCTarget.h in Headers */,
				E94DE11415443AC100C5125D /* XCSourceFileDefinition.h in Headers */,
				6B3AD04514F8A3AC00BCFE81 /* XcodeSourceFileType.h in Headers */,
				6B3AD04814F8A3AC00BCFE81 /* XcodeMemberType.h in Headers */,
				6B65942214F8A56C00F65AEC /* XcodeEditor-Prefix.pch in Headers */,
				6BE4B285147E6B610059E453 /* XcodeGroupMember.h in Headers */,
				6BE4B285147E6B610059E45B /* XCXibDefinition.h in Headers */,
				6BE4B285147E6B610059E462 /* XCFrameworkDefinition.h in Headers */,
				E94DE11415443AC100C51271 /* XCProject+SubProject.h in Headers */,
				6BE9748E15AF0B31004472E2 /* OCLogTemplate.h in Headers */,
				BA79845028C69EFC6F98AFF5 /* XcodeEditor.h in Headers */,
				923C35D715DFA9AF001AEE44 /* XCBuildConfigurationList.h in Headers */,
			);
			runOnlyForDeploymentPostprocessing = 0;
		};
/* End PBXHeadersBuildPhase section */

/* Begin PBXNativeTarget section */
		6B3ACFDF14F8A2FE00BCFE81 /* XcodeEditor */ = {
			isa = PBXNativeTarget;
			buildConfigurationList = 6B3ACFEC14F8A2FE00BCFE81 /* Build configuration list for PBXNativeTarget "XcodeEditor" */;
			buildPhases = (
				6B3ACFDB14F8A2FE00BCFE81 /* Sources */,
				6B3ACFDC14F8A2FE00BCFE81 /* Frameworks */,
				6B3ACFDD14F8A2FE00BCFE81 /* Headers */,
				6B3ACFDE14F8A2FE00BCFE81 /* Resources */,
			);
			buildRules = (
			);
			dependencies = (
			);
			name = XcodeEditor;
			productName = XcodeEditor;
			productReference = 6B3ACFE014F8A2FE00BCFE81 /* XcodeEditor.framework */;
			productType = "com.apple.product-type.framework";
		};
		6B55223514EA723700494CF3 /* Tests */ = {
			isa = PBXNativeTarget;
			buildConfigurationList = 6B55224314EA723700494CF3 /* Build configuration list for PBXNativeTarget "Tests" */;
			buildPhases = (
				6B55223114EA723700494CF3 /* Sources */,
				6B55223214EA723700494CF3 /* Frameworks */,
				6B55223314EA723700494CF3 /* Resources */,
				6BD1B46314EBAD0E00F5AD1C /* Copy Test Resources to /tmp */,
				6B5A816C14F9FAE100D20018 /* extract test xcode projects */,
				6B55223414EA723700494CF3 /* ShellScript */,
			);
			buildRules = (
			);
			dependencies = (
			);
			name = Tests;
			productName = Tests;
			productReference = 6B55223614EA723700494CF3 /* Tests.octest */;
			productType = "com.apple.product-type.bundle";
		};
/* End PBXNativeTarget section */

/* Begin PBXProject section */
		6BC10157147775A40055CF03 /* Project object */ = {
			isa = PBXProject;
			attributes = {
				LastUpgradeCheck = 0430;
				ORGANIZATIONNAME = EXPANZ;
			};
			buildConfigurationList = 6BC1015A147775A40055CF03 /* Build configuration list for PBXProject "xcode-editor" */;
			compatibilityVersion = "Xcode 3.2";
			developmentRegion = English;
			hasScannedForEncodings = 0;
			knownRegions = (
				en,
			);
			mainGroup = 6BC10155147775A40055CF03;
			productRefGroup = 6BC10161147775A40055CF03 /* Products */;
			projectDirPath = "";
			projectRoot = "";
			targets = (
				6B55223514EA723700494CF3 /* Tests */,
				6B3ACFDF14F8A2FE00BCFE81 /* XcodeEditor */,
			);
		};
/* End PBXProject section */

/* Begin PBXResourcesBuildPhase section */
		6B3ACFDE14F8A2FE00BCFE81 /* Resources */ = {
			isa = PBXResourcesBuildPhase;
			buildActionMask = 2147483647;
			files = (
				6B65941F14F8A56C00F65AEC /* InfoPlist.strings in Resources */,
			);
			runOnlyForDeploymentPostprocessing = 0;
		};
		6B55223314EA723700494CF3 /* Resources */ = {
			isa = PBXResourcesBuildPhase;
			buildActionMask = 2147483647;
			files = (
				6B3AD06214F8A3B400BCFE81 /* InfoPlist.strings in Resources */,
				6B3AD06614F8A3B400BCFE81 /* ESA_Sales_Foobar_ViewController.header in Resources */,
				6B3AD06714F8A3B400BCFE81 /* ESA_Sales_Foobar_ViewController.impl in Resources */,
				6B3AD06814F8A3B400BCFE81 /* project.pbxproj in Resources */,
				6B65941E14F8A56C00F65AEC /* InfoPlist.strings in Resources */,
				6B65942014F8A56C00F65AEC /* XcodeEditor-Info.plist in Resources */,
				6BE4B285147E6B610059E451 /* expanz-iOS-SDK.zip in Resources */,
				6BE4B285147E6B610059E45D /* ESA.Sales.Foobar.xib in Resources */,
				E94DE11415443AC100C51253 /* HelloWorldLayer.header in Resources */,
				E94DE11415443AC100C51255 /* HelloWorldLayer.impl in Resources */,
				E94DE11415443AC100C51257 /* HelloBoxy.zip in Resources */,
				6B01A07A154A337A00122D48 /* goat-funny.png in Resources */,
				6B4B61281588A4D6003639E8 /* Person.impl in Resources */,
			);
			runOnlyForDeploymentPostprocessing = 0;
		};
/* End PBXResourcesBuildPhase section */

/* Begin PBXShellScriptBuildPhase section */
		6B55223414EA723700494CF3 /* ShellScript */ = {
			isa = PBXShellScriptBuildPhase;
			buildActionMask = 2147483647;
			files = (
			);
			inputPaths = (
			);
			outputPaths = (
			);
			runOnlyForDeploymentPostprocessing = 0;
			shellPath = /bin/sh;
			shellScript = "# Run the unit tests in this test bundle.\n\"${SYSTEM_DEVELOPER_DIR}/Tools/RunUnitTests\"\n";
		};
		6B5A816C14F9FAE100D20018 /* extract test xcode projects */ = {
			isa = PBXShellScriptBuildPhase;
			buildActionMask = 2147483647;
			files = (
			);
			inputPaths = (
			);
			name = "extract test xcode projects";
			outputPaths = (
			);
			runOnlyForDeploymentPostprocessing = 0;
			shellPath = /bin/sh;
			shellScript = "unzip -d /tmp/ -o ${SRCROOT}/Source/Tests/Resources/expanz-iOS-SDK.zip\nunzip -d /tmp/ -o ${SRCROOT}/Source/Tests/Resources/HelloBoxy.zip\nunzip -d /tmp/ -o ${SRCROOT}/Source/Tests/Resources/ArchiveProj.zip\n\ncp ${SRCROOT}/Source/Tests/Resources/project.pbxproj /tmp";
		};
/* End PBXShellScriptBuildPhase section */

/* Begin PBXSourcesBuildPhase section */
		6B3ACFDB14F8A2FE00BCFE81 /* Sources */ = {
			isa = PBXSourcesBuildPhase;
			buildActionMask = 2147483647;
			files = (
				6B3AD03214F8A3AC00BCFE81 /* XCClassDefinition.m in Sources */,
				6B3AD03514F8A3AC00BCFE81 /* XCSourceFile.m in Sources */,
				6B3AD03814F8A3AC00BCFE81 /* XCFileOperationQueue.m in Sources */,
				6B3AD03B14F8A3AC00BCFE81 /* XCGroup.m in Sources */,
				6B3AD03E14F8A3AC00BCFE81 /* XCKeyBuilder.m in Sources */,
				6B3AD04114F8A3AC00BCFE81 /* XCProject.m in Sources */,
				6B3AD04414F8A3AC00BCFE81 /* XCTarget.m in Sources */,
				6B3AD04714F8A3AC00BCFE81 /* XcodeSourceFileType.m in Sources */,
				6B3AD04A14F8A3AC00BCFE81 /* XcodeMemberType.m in Sources */,
				6BE4B285147E6B610059E459 /* XCXibDefinition.m in Sources */,
				6BE4B285147E6B610059E460 /* XCFrameworkDefinition.m in Sources */,
				6B019F6F154832C400122D48 /* XCAbstractDefinition.m in Sources */,
				E94DE11415443AC100C5125B /* XCSourceFileDefinition.m in Sources */,
				6B4B61221588A070003639E8 /* XCSubProjectDefinition.m in Sources */,
				E94DE11415443AC100C51265 /* (null) in Sources */,
				E94DE11415443AC100C5126A /* (null) in Sources */,
				E94DE11415443AC100C5126F /* XCProject+SubProject.m in Sources */,
				923C35D915DFA9AF001AEE44 /* XCBuildConfigurationList.m in Sources */,
			);
			runOnlyForDeploymentPostprocessing = 0;
		};
		6B55223114EA723700494CF3 /* Sources */ = {
			isa = PBXSourcesBuildPhase;
			buildActionMask = 2147483647;
			files = (
				6B3AD03114F8A3AC00BCFE81 /* XCClassDefinition.m in Sources */,
				6B3AD03414F8A3AC00BCFE81 /* XCSourceFile.m in Sources */,
				6B3AD03714F8A3AC00BCFE81 /* XCFileOperationQueue.m in Sources */,
				6B3AD03A14F8A3AC00BCFE81 /* XCGroup.m in Sources */,
				6B3AD03D14F8A3AC00BCFE81 /* XCKeyBuilder.m in Sources */,
				6B3AD04014F8A3AC00BCFE81 /* XCProject.m in Sources */,
				6B3AD04314F8A3AC00BCFE81 /* XCTarget.m in Sources */,
				6B3AD04614F8A3AC00BCFE81 /* XcodeSourceFileType.m in Sources */,
				6B3AD04914F8A3AC00BCFE81 /* XcodeMemberType.m in Sources */,
				6B3AD06114F8A3B400BCFE81 /* ClassDefinitionSpec.m in Sources */,
				6B3AD06314F8A3B400BCFE81 /* GroupSpec.m in Sources */,
				6B3AD06414F8A3B400BCFE81 /* KeyBuilderSpec.m in Sources */,
				6B3AD06514F8A3B400BCFE81 /* ProjectSpec.m in Sources */,
				6B3AD06A14F8A3B400BCFE81 /* NSString+TestResource.m in Sources */,
				6B3AD06B14F8A3B400BCFE81 /* XcodeFileReferenceTypeSpec.m in Sources */,
				6BE4B285147E6B610059E458 /* XCXibDefinition.m in Sources */,
				6BE4B285147E6B610059E45F /* XCFrameworkDefinition.m in Sources */,
				6B51E2FE1547FEDD00DBA0BD /* XCAbstractDefinition.m in Sources */,
				E94DE11415443AC100C5125A /* XCSourceFileDefinition.m in Sources */,
				E94DE11415443AC100C51260 /* XCSubProjectDefinition.m in Sources */,
				E94DE11415443AC100C51262 /* SubProjectDefinitionSpec.m in Sources */,
				E94DE11415443AC100C51264 /* (null) in Sources */,
				E94DE11415443AC100C51269 /* (null) in Sources */,
				E94DE11415443AC100C5126E /* XCProject+SubProject.m in Sources */,
				923C35D815DFA9AF001AEE44 /* XCBuildConfigurationList.m in Sources */,
			);
			runOnlyForDeploymentPostprocessing = 0;
		};
/* End PBXSourcesBuildPhase section */

/* Begin PBXVariantGroup section */
		6B3AD05214F8A3B400BCFE81 /* InfoPlist.strings */ = {
			isa = PBXVariantGroup;
			children = (
				6B3AD05314F8A3B400BCFE81 /* en */,
			);
			name = InfoPlist.strings;
			sourceTree = "<group>";
		};
		6B65941A14F8A56C00F65AEC /* InfoPlist.strings */ = {
			isa = PBXVariantGroup;
			children = (
				6B65941B14F8A56C00F65AEC /* en */,
			);
			name = InfoPlist.strings;
			sourceTree = "<group>";
		};
/* End PBXVariantGroup section */

/* Begin XCBuildConfiguration section */
		6B3ACFED14F8A2FE00BCFE81 /* Debug */ = {
			isa = XCBuildConfiguration;
			buildSettings = {
				ARCHS = "$(ARCHS_STANDARD_64_BIT)";
				CLANG_ENABLE_OBJC_ARC = YES;
				DYLIB_COMPATIBILITY_VERSION = 1;
				DYLIB_CURRENT_VERSION = 1;
				FRAMEWORK_VERSION = A;
				GCC_ENABLE_OBJC_GC = unsupported;
				GCC_PRECOMPILE_PREFIX_HEADER = YES;
				GCC_PREFIX_HEADER = "Source/Main/Resources/XcodeEditor-Prefix.pch";
				GCC_WARN_UNINITIALIZED_AUTOS = YES;
				INFOPLIST_FILE = "Source/Main/Resources/XcodeEditor-Info.plist";
				INSTALL_PATH = "@executable_path/../Frameworks";
				LIBRARY_SEARCH_PATHS = "";
				ONLY_ACTIVE_ARCH = NO;
				PRODUCT_NAME = "$(TARGET_NAME)";
				WRAPPER_EXTENSION = framework;
			};
			name = Debug;
		};
		6B3ACFEE14F8A2FE00BCFE81 /* Release */ = {
			isa = XCBuildConfiguration;
			buildSettings = {
				ARCHS = "$(ARCHS_STANDARD_64_BIT)";
				CLANG_ENABLE_OBJC_ARC = YES;
				DYLIB_COMPATIBILITY_VERSION = 1;
				DYLIB_CURRENT_VERSION = 1;
				FRAMEWORK_VERSION = A;
				GCC_ENABLE_OBJC_GC = unsupported;
				GCC_PRECOMPILE_PREFIX_HEADER = YES;
				GCC_PREFIX_HEADER = "Source/Main/Resources/XcodeEditor-Prefix.pch";
				GCC_WARN_UNINITIALIZED_AUTOS = YES;
				INFOPLIST_FILE = "Source/Main/Resources/XcodeEditor-Info.plist";
				INSTALL_PATH = "@executable_path/../Frameworks";
				LIBRARY_SEARCH_PATHS = "";
				ONLY_ACTIVE_ARCH = NO;
				PRODUCT_NAME = "$(TARGET_NAME)";
				WRAPPER_EXTENSION = framework;
			};
			name = Release;
		};
		6B55224414EA723700494CF3 /* Debug */ = {
			isa = XCBuildConfiguration;
			buildSettings = {
				DSTROOT = /tmp/xcodeproj.dst;
				FRAMEWORK_SEARCH_PATHS = "$(DEVELOPER_LIBRARY_DIR)/Frameworks";
				GCC_GENERATE_TEST_COVERAGE_FILES = YES;
				GCC_INSTRUMENT_PROGRAM_FLOW_ARCS = YES;
				GCC_PRECOMPILE_PREFIX_HEADER = YES;
				GCC_PREFIX_HEADER = "Source/Tests/Tests-Prefix.pch";
				GCC_VERSION = com.apple.compilers.llvm.clang.1_0;
				HEADER_SEARCH_PATHS = "";
				INFOPLIST_FILE = "Source/Tests/Tests-Info.plist";
				LIBRARY_SEARCH_PATHS = (
					"$(inherited)",
					Dependencies/Libraries,
				);
				OTHER_CFLAGS = "";
				OTHER_LDFLAGS = (
					"-lstdc++",
					"-ObjC",
					"-all_load",
				);
				PRODUCT_NAME = "$(TARGET_NAME)";
				SKIP_INSTALL = YES;
				TEST_AFTER_BUILD = YES;
				USER_HEADER_SEARCH_PATHS = Dependencies/Libraries/Kiwi;
				WRAPPER_EXTENSION = octest;
			};
			name = Debug;
		};
		6B55224514EA723700494CF3 /* Release */ = {
			isa = XCBuildConfiguration;
			buildSettings = {
				DSTROOT = /tmp/xcodeproj.dst;
				FRAMEWORK_SEARCH_PATHS = "$(DEVELOPER_LIBRARY_DIR)/Frameworks";
				GCC_GENERATE_TEST_COVERAGE_FILES = YES;
				GCC_INSTRUMENT_PROGRAM_FLOW_ARCS = YES;
				GCC_PRECOMPILE_PREFIX_HEADER = YES;
				GCC_PREFIX_HEADER = "Source/Tests/Tests-Prefix.pch";
				GCC_VERSION = com.apple.compilers.llvm.clang.1_0;
				HEADER_SEARCH_PATHS = "";
				INFOPLIST_FILE = "Source/Tests/Tests-Info.plist";
				LIBRARY_SEARCH_PATHS = (
					"$(inherited)",
					Dependencies/Libraries,
				);
				OTHER_CFLAGS = "";
				OTHER_LDFLAGS = (
					"-lstdc++",
					"-ObjC",
					"-all_load",
				);
				PRODUCT_NAME = "$(TARGET_NAME)";
				SKIP_INSTALL = YES;
				TEST_AFTER_BUILD = YES;
				USER_HEADER_SEARCH_PATHS = Dependencies/Libraries/Kiwi;
				WRAPPER_EXTENSION = octest;
			};
			name = Release;
		};
		6BC1017C147775A40055CF03 /* Debug */ = {
			isa = XCBuildConfiguration;
			buildSettings = {
				ALWAYS_SEARCH_USER_PATHS = NO;
				ARCHS = "$(ARCHS_STANDARD_32_64_BIT)";
				COPY_PHASE_STRIP = NO;
				GCC_C_LANGUAGE_STANDARD = gnu99;
				GCC_DYNAMIC_NO_PIC = NO;
				GCC_ENABLE_OBJC_EXCEPTIONS = YES;
				GCC_OPTIMIZATION_LEVEL = 0;
				GCC_PREPROCESSOR_DEFINITIONS = (
					"DEBUG=1",
					"$(inherited)",
				);
				GCC_SYMBOLS_PRIVATE_EXTERN = NO;
				GCC_VERSION = com.apple.compilers.llvm.clang.1_0;
				GCC_WARN_64_TO_32_BIT_CONVERSION = YES;
				GCC_WARN_ABOUT_MISSING_PROTOTYPES = YES;
				GCC_WARN_ABOUT_RETURN_TYPE = YES;
				GCC_WARN_UNUSED_VARIABLE = YES;
				MACOSX_DEPLOYMENT_TARGET = 10.7;
				ONLY_ACTIVE_ARCH = YES;
			};
			name = Debug;
		};
		6BC1017D147775A40055CF03 /* Release */ = {
			isa = XCBuildConfiguration;
			buildSettings = {
				ALWAYS_SEARCH_USER_PATHS = NO;
				ARCHS = "$(ARCHS_STANDARD_32_64_BIT)";
				COPY_PHASE_STRIP = YES;
				DEBUG_INFORMATION_FORMAT = "dwarf-with-dsym";
				GCC_C_LANGUAGE_STANDARD = gnu99;
				GCC_ENABLE_OBJC_EXCEPTIONS = YES;
				GCC_VERSION = com.apple.compilers.llvm.clang.1_0;
				GCC_WARN_64_TO_32_BIT_CONVERSION = YES;
				GCC_WARN_ABOUT_MISSING_PROTOTYPES = YES;
				GCC_WARN_ABOUT_RETURN_TYPE = YES;
				GCC_WARN_UNUSED_VARIABLE = YES;
				MACOSX_DEPLOYMENT_TARGET = 10.7;
			};
			name = Release;
		};
/* End XCBuildConfiguration section */

/* Begin XCConfigurationList section */
		6B3ACFEC14F8A2FE00BCFE81 /* Build configuration list for PBXNativeTarget "XcodeEditor" */ = {
			isa = XCConfigurationList;
			buildConfigurations = (
				6B3ACFED14F8A2FE00BCFE81 /* Debug */,
				6B3ACFEE14F8A2FE00BCFE81 /* Release */,
			);
			defaultConfigurationIsVisible = 0;
			defaultConfigurationName = Release;
		};
		6B55224314EA723700494CF3 /* Build configuration list for PBXNativeTarget "Tests" */ = {
			isa = XCConfigurationList;
			buildConfigurations = (
				6B55224414EA723700494CF3 /* Debug */,
				6B55224514EA723700494CF3 /* Release */,
			);
			defaultConfigurationIsVisible = 0;
			defaultConfigurationName = Release;
		};
		6BC1015A147775A40055CF03 /* Build configuration list for PBXProject "xcode-editor" */ = {
			isa = XCConfigurationList;
			buildConfigurations = (
				6BC1017C147775A40055CF03 /* Debug */,
				6BC1017D147775A40055CF03 /* Release */,
			);
			defaultConfigurationIsVisible = 0;
			defaultConfigurationName = Release;
		};
/* End XCConfigurationList section */
	};
	rootObject = 6BC10157147775A40055CF03 /* Project object */;
}
