// !$*UTF8*$!
{
	archiveVersion = 1;
	classes = {
	};
	objectVersion = 46;
	objects = {

/* Begin PBXBuildFile section */
		6B1BA7CD1C00717F002E44D7 /* main.m in Sources */ = {isa = PBXBuildFile; fileRef = 6B1BA7CC1C00717F002E44D7 /* main.m */; };
		6B1BA7D01C00717F002E44D7 /* AppDelegate.m in Sources */ = {isa = PBXBuildFile; fileRef = 6B1BA7CF1C00717F002E44D7 /* AppDelegate.m */; };
		6B1BA7D31C00717F002E44D7 /* MasterViewController.m in Sources */ = {isa = PBXBuildFile; fileRef = 6B1BA7D21C00717F002E44D7 /* MasterViewController.m */; };
		6B1BA7D61C00717F002E44D7 /* DetailViewController.m in Sources */ = {isa = PBXBuildFile; fileRef = 6B1BA7D51C00717F002E44D7 /* DetailViewController.m */; };
		6B1BA7D91C00717F002E44D7 /* Main.storyboard in Resources */ = {isa = PBXBuildFile; fileRef = 6B1BA7D71C00717F002E44D7 /* Main.storyboard */; };
		6B1BA7DB1C00717F002E44D7 /* Assets.xcassets in Resources */ = {isa = PBXBuildFile; fileRef = 6B1BA7DA1C00717F002E44D7 /* Assets.xcassets */; };
		6B1BA7DE1C00717F002E44D7 /* LaunchScreen.storyboard in Resources */ = {isa = PBXBuildFile; fileRef = 6B1BA7DC1C00717F002E44D7 /* LaunchScreen.storyboard */; };
		6B1BA7E91C00717F002E44D7 /* ProjectToEditTests.m in Sources */ = {isa = PBXBuildFile; fileRef = 6B1BA7E81C00717F002E44D7 /* ProjectToEditTests.m */; };
		BA7981F6A903A4EC5D9D4771 /* ClassCalledMichael.m in Sources */ = {isa = PBXBuildFile; fileRef = BA798D0C72300F3CDABD7512 /* ClassCalledMichael.m */; };
		BA798DD7DDAEE105C8A10865 /* ClassCalledGavin.m in Sources */ = {isa = PBXBuildFile; fileRef = BA798198F22CAA5F977A58F6 /* ClassCalledGavin.m */; };
/* End PBXBuildFile section */

/* Begin PBXContainerItemProxy section */
		6B1BA7E51C00717F002E44D7 /* PBXContainerItemProxy */ = {
			isa = PBXContainerItemProxy;
			containerPortal = 6B1BA7C01C00717F002E44D7 /* Project object */;
			proxyType = 1;
			remoteGlobalIDString = 6B1BA7C71C00717F002E44D7;
			remoteInfo = ProjectToEdit;
		};
/* End PBXContainerItemProxy section */

/* Begin PBXFileReference section */
		6B1BA7C81C00717F002E44D7 /* ProjectToEdit.app */ = {isa = PBXFileReference; explicitFileType = wrapper.application; includeInIndex = 0; path = ProjectToEdit.app; sourceTree = BUILT_PRODUCTS_DIR; };
		6B1BA7CC1C00717F002E44D7 /* main.m */ = {isa = PBXFileReference; lastKnownFileType = sourcecode.c.objc; path = main.m; sourceTree = "<group>"; };
		6B1BA7CE1C00717F002E44D7 /* AppDelegate.h */ = {isa = PBXFileReference; lastKnownFileType = sourcecode.c.h; path = AppDelegate.h; sourceTree = "<group>"; };
		6B1BA7CF1C00717F002E44D7 /* AppDelegate.m */ = {isa = PBXFileReference; lastKnownFileType = sourcecode.c.objc; path = AppDelegate.m; sourceTree = "<group>"; };
		6B1BA7D11C00717F002E44D7 /* MasterViewController.h */ = {isa = PBXFileReference; lastKnownFileType = sourcecode.c.h; path = MasterViewController.h; sourceTree = "<group>"; };
		6B1BA7D21C00717F002E44D7 /* MasterViewController.m */ = {isa = PBXFileReference; lastKnownFileType = sourcecode.c.objc; path = MasterViewController.m; sourceTree = "<group>"; };
		6B1BA7D41C00717F002E44D7 /* DetailViewController.h */ = {isa = PBXFileReference; lastKnownFileType = sourcecode.c.h; path = DetailViewController.h; sourceTree = "<group>"; };
		6B1BA7D51C00717F002E44D7 /* DetailViewController.m */ = {isa = PBXFileReference; lastKnownFileType = sourcecode.c.objc; path = DetailViewController.m; sourceTree = "<group>"; };
		6B1BA7D81C00717F002E44D7 /* Base */ = {isa = PBXFileReference; lastKnownFileType = file.storyboard; name = Base; path = Base.lproj/Main.storyboard; sourceTree = "<group>"; };
		6B1BA7DA1C00717F002E44D7 /* Assets.xcassets */ = {isa = PBXFileReference; lastKnownFileType = folder.assetcatalog; path = Assets.xcassets; sourceTree = "<group>"; };
		6B1BA7DD1C00717F002E44D7 /* Base */ = {isa = PBXFileReference; lastKnownFileType = file.storyboard; name = Base; path = Base.lproj/LaunchScreen.storyboard; sourceTree = "<group>"; };
		6B1BA7DF1C00717F002E44D7 /* Info.plist */ = {isa = PBXFileReference; lastKnownFileType = text.plist.xml; path = Info.plist; sourceTree = "<group>"; };
		6B1BA7E41C00717F002E44D7 /* ProjectToEditTests.xctest */ = {isa = PBXFileReference; explicitFileType = wrapper.cfbundle; includeInIndex = 0; path = ProjectToEditTests.xctest; sourceTree = BUILT_PRODUCTS_DIR; };
		6B1BA7E81C00717F002E44D7 /* ProjectToEditTests.m */ = {isa = PBXFileReference; lastKnownFileType = sourcecode.c.objc; path = ProjectToEditTests.m; sourceTree = "<group>"; };
		6B1BA7EA1C00717F002E44D7 /* Info.plist */ = {isa = PBXFileReference; lastKnownFileType = text.plist.xml; path = Info.plist; sourceTree = "<group>"; };
		BA798198F22CAA5F977A58F6 /* ClassCalledGavin.m */ = {isa = PBXFileReference; fileEncoding = 4; lastKnownFileType = sourcecode.c.objc; path = ClassCalledGavin.m; sourceTree = "<group>"; };
		BA7987CA4793FAA368A2CE27 /* ClassCalledGavin.h */ = {isa = PBXFileReference; fileEncoding = 4; lastKnownFileType = sourcecode.c.h; path = ClassCalledGavin.h; sourceTree = "<group>"; };
		BA798B7227D9B8B33EBF2FEB /* ClassCalledMichael.h */ = {isa = PBXFileReference; fileEncoding = 4; lastKnownFileType = sourcecode.c.h; path = ClassCalledMichael.h; sourceTree = "<group>"; };
		BA798D0C72300F3CDABD7512 /* ClassCalledMichael.m */ = {isa = PBXFileReference; fileEncoding = 4; lastKnownFileType = sourcecode.c.objc; path = ClassCalledMichael.m; sourceTree = "<group>"; };
/* End PBXFileReference section */

/* Begin PBXFrameworksBuildPhase section */
		6B1BA7C51C00717F002E44D7 /* Frameworks */ = {
			isa = PBXFrameworksBuildPhase;
			buildActionMask = 2147483647;
			files = (
			);
			runOnlyForDeploymentPostprocessing = 0;
		};
		6B1BA7E11C00717F002E44D7 /* Frameworks */ = {
			isa = PBXFrameworksBuildPhase;
			buildActionMask = 2147483647;
			files = (
			);
			runOnlyForDeploymentPostprocessing = 0;
		};
/* End PBXFrameworksBuildPhase section */

/* Begin PBXGroup section */
		6B1BA7BF1C00717F002E44D7 = {
			isa = PBXGroup;
			children = (
				6B1BA7CA1C00717F002E44D7 /* ProjectToEdit */,
				6B1BA7E71C00717F002E44D7 /* ProjectToEditTests */,
				6B1BA7C91C00717F002E44D7 /* Products */,
			);
			sourceTree = "<group>";
		};
		6B1BA7C91C00717F002E44D7 /* Products */ = {
			isa = PBXGroup;
			children = (
				6B1BA7C81C00717F002E44D7 /* ProjectToEdit.app */,
				6B1BA7E41C00717F002E44D7 /* ProjectToEditTests.xctest */,
			);
			name = Products;
			sourceTree = "<group>";
		};
		6B1BA7CA1C00717F002E44D7 /* ProjectToEdit */ = {
			isa = PBXGroup;
			children = (
				6B1BA7CE1C00717F002E44D7 /* AppDelegate.h */,
				6B1BA7CF1C00717F002E44D7 /* AppDelegate.m */,
				6B1BA7D11C00717F002E44D7 /* MasterViewController.h */,
				6B1BA7D21C00717F002E44D7 /* MasterViewController.m */,
				6B1BA7D41C00717F002E44D7 /* DetailViewController.h */,
				6B1BA7D51C00717F002E44D7 /* DetailViewController.m */,
				6B1BA7D71C00717F002E44D7 /* Main.storyboard */,
				6B1BA7DA1C00717F002E44D7 /* Assets.xcassets */,
				6B1BA7DC1C00717F002E44D7 /* LaunchScreen.storyboard */,
				6B1BA7DF1C00717F002E44D7 /* Info.plist */,
				6B1BA7CB1C00717F002E44D7 /* Supporting Files */,
				BA7987FA9083EE7D922AECD3 /* GroupToDelete */,
			);
			path = ProjectToEdit;
			sourceTree = "<group>";
		};
		6B1BA7CB1C00717F002E44D7 /* Supporting Files */ = {
			isa = PBXGroup;
			children = (
				6B1BA7CC1C00717F002E44D7 /* main.m */,
			);
			name = "Supporting Files";
			sourceTree = "<group>";
		};
		6B1BA7E71C00717F002E44D7 /* ProjectToEditTests */ = {
			isa = PBXGroup;
			children = (
				6B1BA7E81C00717F002E44D7 /* ProjectToEditTests.m */,
				6B1BA7EA1C00717F002E44D7 /* Info.plist */,
			);
			path = ProjectToEditTests;
			sourceTree = "<group>";
		};
		BA7987FA9083EE7D922AECD3 /* GroupToDelete */ = {
			isa = PBXGroup;
			children = (
				BA798D0C72300F3CDABD7512 /* ClassCalledMichael.m */,
				BA798B7227D9B8B33EBF2FEB /* ClassCalledMichael.h */,
				BA798198F22CAA5F977A58F6 /* ClassCalledGavin.m */,
				BA7987CA4793FAA368A2CE27 /* ClassCalledGavin.h */,
			);
			path = GroupToDelete;
			sourceTree = "<group>";
		};
/* End PBXGroup section */

/* Begin PBXNativeTarget section */
		6B1BA7C71C00717F002E44D7 /* ProjectToEdit */ = {
			isa = PBXNativeTarget;
			buildConfigurationList = 6B1BA7ED1C00717F002E44D7 /* Build configuration list for PBXNativeTarget "ProjectToEdit" */;
			buildPhases = (
				6B1BA7C41C00717F002E44D7 /* Sources */,
				6B1BA7C51C00717F002E44D7 /* Frameworks */,
				6B1BA7C61C00717F002E44D7 /* Resources */,
			);
			buildRules = (
			);
			dependencies = (
			);
			name = ProjectToEdit;
			productName = ProjectToEdit;
			productReference = 6B1BA7C81C00717F002E44D7 /* ProjectToEdit.app */;
			productType = "com.apple.product-type.application";
		};
		6B1BA7E31C00717F002E44D7 /* ProjectToEditTests */ = {
			isa = PBXNativeTarget;
			buildConfigurationList = 6B1BA7F01C00717F002E44D7 /* Build configuration list for PBXNativeTarget "ProjectToEditTests" */;
			buildPhases = (
				6B1BA7E01C00717F002E44D7 /* Sources */,
				6B1BA7E11C00717F002E44D7 /* Frameworks */,
				6B1BA7E21C00717F002E44D7 /* Resources */,
			);
			buildRules = (
			);
			dependencies = (
				6B1BA7E61C00717F002E44D7 /* PBXTargetDependency */,
			);
			name = ProjectToEditTests;
			productName = ProjectToEditTests;
			productReference = 6B1BA7E41C00717F002E44D7 /* ProjectToEditTests.xctest */;
			productType = "com.apple.product-type.bundle.unit-test";
		};
/* End PBXNativeTarget section */

/* Begin PBXProject section */
		6B1BA7C01C00717F002E44D7 /* Project object */ = {
			isa = PBXProject;
			attributes = {
				LastUpgradeCheck = 0710;
				ORGANIZATIONNAME = appsquickly;
				TargetAttributes = {
					6B1BA7C71C00717F002E44D7 = {
						CreatedOnToolsVersion = 7.1.1;
					};
					6B1BA7E31C00717F002E44D7 = {
						CreatedOnToolsVersion = 7.1.1;
						TestTargetID = 6B1BA7C71C00717F002E44D7;
					};
				};
			};
			buildConfigurationList = 6B1BA7C31C00717F002E44D7 /* Build configuration list for PBXProject "ProjectToEdit" */;
			compatibilityVersion = "Xcode 3.2";
			developmentRegion = English;
			hasScannedForEncodings = 0;
			knownRegions = (
				en,
				Base,
			);
			mainGroup = 6B1BA7BF1C00717F002E44D7;
			productRefGroup = 6B1BA7C91C00717F002E44D7 /* Products */;
			projectDirPath = "";
			projectRoot = "";
			targets = (
				6B1BA7C71C00717F002E44D7 /* ProjectToEdit */,
				6B1BA7E31C00717F002E44D7 /* ProjectToEditTests */,
			);
		};
/* End PBXProject section */

/* Begin PBXResourcesBuildPhase section */
		6B1BA7C61C00717F002E44D7 /* Resources */ = {
			isa = PBXResourcesBuildPhase;
			buildActionMask = 2147483647;
			files = (
				6B1BA7DE1C00717F002E44D7 /* LaunchScreen.storyboard in Resources */,
				6B1BA7DB1C00717F002E44D7 /* Assets.xcassets in Resources */,
				6B1BA7D91C00717F002E44D7 /* Main.storyboard in Resources */,
			);
			runOnlyForDeploymentPostprocessing = 0;
		};
		6B1BA7E21C00717F002E44D7 /* Resources */ = {
			isa = PBXResourcesBuildPhase;
			buildActionMask = 2147483647;
			files = (
			);
			runOnlyForDeploymentPostprocessing = 0;
		};
/* End PBXResourcesBuildPhase section */

/* Begin PBXSourcesBuildPhase section */
		6B1BA7C41C00717F002E44D7 /* Sources */ = {
			isa = PBXSourcesBuildPhase;
			buildActionMask = 2147483647;
			files = (
				6B1BA7D01C00717F002E44D7 /* AppDelegate.m in Sources */,
				6B1BA7D31C00717F002E44D7 /* MasterViewController.m in Sources */,
				6B1BA7CD1C00717F002E44D7 /* main.m in Sources */,
				6B1BA7D61C00717F002E44D7 /* DetailViewController.m in Sources */,
				BA7981F6A903A4EC5D9D4771 /* ClassCalledMichael.m in Sources */,
				BA798DD7DDAEE105C8A10865 /* ClassCalledGavin.m in Sources */,
			);
			runOnlyForDeploymentPostprocessing = 0;
		};
		6B1BA7E01C00717F002E44D7 /* Sources */ = {
			isa = PBXSourcesBuildPhase;
			buildActionMask = 2147483647;
			files = (
				6B1BA7E91C00717F002E44D7 /* ProjectToEditTests.m in Sources */,
			);
			runOnlyForDeploymentPostprocessing = 0;
		};
/* End PBXSourcesBuildPhase section */

/* Begin PBXTargetDependency section */
		6B1BA7E61C00717F002E44D7 /* PBXTargetDependency */ = {
			isa = PBXTargetDependency;
			target = 6B1BA7C71C00717F002E44D7 /* ProjectToEdit */;
			targetProxy = 6B1BA7E51C00717F002E44D7 /* PBXContainerItemProxy */;
		};
/* End PBXTargetDependency section */

/* Begin PBXVariantGroup section */
		6B1BA7D71C00717F002E44D7 /* Main.storyboard */ = {
			isa = PBXVariantGroup;
			children = (
				6B1BA7D81C00717F002E44D7 /* Base */,
			);
			name = Main.storyboard;
			sourceTree = "<group>";
		};
		6B1BA7DC1C00717F002E44D7 /* LaunchScreen.storyboard */ = {
			isa = PBXVariantGroup;
			children = (
				6B1BA7DD1C00717F002E44D7 /* Base */,
			);
			name = LaunchScreen.storyboard;
			sourceTree = "<group>";
		};
/* End PBXVariantGroup section */

/* Begin XCBuildConfiguration section */
		6B1BA7EB1C00717F002E44D7 /* Debug */ = {
			isa = XCBuildConfiguration;
			buildSettings = {
				ALWAYS_SEARCH_USER_PATHS = NO;
				CLANG_CXX_LANGUAGE_STANDARD = "gnu++0x";
				CLANG_CXX_LIBRARY = "libc++";
				CLANG_ENABLE_MODULES = YES;
				CLANG_ENABLE_OBJC_ARC = YES;
				CLANG_WARN_BOOL_CONVERSION = YES;
				CLANG_WARN_CONSTANT_CONVERSION = YES;
				CLANG_WARN_DIRECT_OBJC_ISA_USAGE = YES_ERROR;
				CLANG_WARN_EMPTY_BODY = YES;
				CLANG_WARN_ENUM_CONVERSION = YES;
				CLANG_WARN_INT_CONVERSION = YES;
				CLANG_WARN_OBJC_ROOT_CLASS = YES_ERROR;
				CLANG_WARN_UNREACHABLE_CODE = YES;
				CLANG_WARN__DUPLICATE_METHOD_MATCH = YES;
				"CODE_SIGN_IDENTITY[sdk=iphoneos*]" = "iPhone Developer";
				COPY_PHASE_STRIP = NO;
				DEBUG_INFORMATION_FORMAT = dwarf;
				ENABLE_STRICT_OBJC_MSGSEND = YES;
				ENABLE_TESTABILITY = YES;
				GCC_C_LANGUAGE_STANDARD = gnu99;
				GCC_DYNAMIC_NO_PIC = NO;
				GCC_NO_COMMON_BLOCKS = YES;
				GCC_OPTIMIZATION_LEVEL = 0;
				GCC_PREPROCESSOR_DEFINITIONS = (
					"DEBUG=1",
					"$(inherited)",
				);
				GCC_WARN_64_TO_32_BIT_CONVERSION = YES;
				GCC_WARN_ABOUT_RETURN_TYPE = YES_ERROR;
				GCC_WARN_UNDECLARED_SELECTOR = YES;
				GCC_WARN_UNINITIALIZED_AUTOS = YES_AGGRESSIVE;
				GCC_WARN_UNUSED_FUNCTION = YES;
				GCC_WARN_UNUSED_VARIABLE = YES;
				IPHONEOS_DEPLOYMENT_TARGET = 9.1;
				MTL_ENABLE_DEBUG_INFO = YES;
				ONLY_ACTIVE_ARCH = YES;
				SDKROOT = iphoneos;
				TARGETED_DEVICE_FAMILY = "1,2";
			};
			name = Debug;
		};
		6B1BA7EC1C00717F002E44D7 /* Release */ = {
			isa = XCBuildConfiguration;
			buildSettings = {
				ALWAYS_SEARCH_USER_PATHS = NO;
				CLANG_CXX_LANGUAGE_STANDARD = "gnu++0x";
				CLANG_CXX_LIBRARY = "libc++";
				CLANG_ENABLE_MODULES = YES;
				CLANG_ENABLE_OBJC_ARC = YES;
				CLANG_WARN_BOOL_CONVERSION = YES;
				CLANG_WARN_CONSTANT_CONVERSION = YES;
				CLANG_WARN_DIRECT_OBJC_ISA_USAGE = YES_ERROR;
				CLANG_WARN_EMPTY_BODY = YES;
				CLANG_WARN_ENUM_CONVERSION = YES;
				CLANG_WARN_INT_CONVERSION = YES;
				CLANG_WARN_OBJC_ROOT_CLASS = YES_ERROR;
				CLANG_WARN_UNREACHABLE_CODE = YES;
				CLANG_WARN__DUPLICATE_METHOD_MATCH = YES;
				"CODE_SIGN_IDENTITY[sdk=iphoneos*]" = "iPhone Developer";
				COPY_PHASE_STRIP = NO;
				DEBUG_INFORMATION_FORMAT = "dwarf-with-dsym";
				ENABLE_NS_ASSERTIONS = NO;
				ENABLE_STRICT_OBJC_MSGSEND = YES;
				GCC_C_LANGUAGE_STANDARD = gnu99;
				GCC_NO_COMMON_BLOCKS = YES;
				GCC_WARN_64_TO_32_BIT_CONVERSION = YES;
				GCC_WARN_ABOUT_RETURN_TYPE = YES_ERROR;
				GCC_WARN_UNDECLARED_SELECTOR = YES;
				GCC_WARN_UNINITIALIZED_AUTOS = YES_AGGRESSIVE;
				GCC_WARN_UNUSED_FUNCTION = YES;
				GCC_WARN_UNUSED_VARIABLE = YES;
				IPHONEOS_DEPLOYMENT_TARGET = 9.1;
				MTL_ENABLE_DEBUG_INFO = NO;
				SDKROOT = iphoneos;
				TARGETED_DEVICE_FAMILY = "1,2";
				VALIDATE_PRODUCT = YES;
			};
			name = Release;
		};
		6B1BA7EE1C00717F002E44D7 /* Debug */ = {
			isa = XCBuildConfiguration;
			buildSettings = {
				ASSETCATALOG_COMPILER_APPICON_NAME = AppIcon;
				INFOPLIST_FILE = ProjectToEdit/Info.plist;
				LD_RUNPATH_SEARCH_PATHS = "$(inherited) @executable_path/Frameworks";
				PRODUCT_BUNDLE_IDENTIFIER = appsquickly.xcode.ProjectToEdit;
				PRODUCT_NAME = "$(TARGET_NAME)";
			};
			name = Debug;
		};
		6B1BA7EF1C00717F002E44D7 /* Release */ = {
			isa = XCBuildConfiguration;
			buildSettings = {
				ASSETCATALOG_COMPILER_APPICON_NAME = AppIcon;
				INFOPLIST_FILE = ProjectToEdit/Info.plist;
				LD_RUNPATH_SEARCH_PATHS = "$(inherited) @executable_path/Frameworks";
				PRODUCT_BUNDLE_IDENTIFIER = appsquickly.xcode.ProjectToEdit;
				PRODUCT_NAME = "$(TARGET_NAME)";
			};
			name = Release;
		};
		6B1BA7F11C00717F002E44D7 /* Debug */ = {
			isa = XCBuildConfiguration;
			buildSettings = {
				BUNDLE_LOADER = "$(TEST_HOST)";
				INFOPLIST_FILE = ProjectToEditTests/Info.plist;
				LD_RUNPATH_SEARCH_PATHS = "$(inherited) @executable_path/Frameworks @loader_path/Frameworks";
				PRODUCT_BUNDLE_IDENTIFIER = appsquickly.xcode.ProjectToEditTests;
				PRODUCT_NAME = "$(TARGET_NAME)";
				TEST_HOST = "$(BUILT_PRODUCTS_DIR)/ProjectToEdit.app/ProjectToEdit";
			};
			name = Debug;
		};
		6B1BA7F21C00717F002E44D7 /* Release */ = {
			isa = XCBuildConfiguration;
			buildSettings = {
				BUNDLE_LOADER = "$(TEST_HOST)";
				INFOPLIST_FILE = ProjectToEditTests/Info.plist;
				LD_RUNPATH_SEARCH_PATHS = "$(inherited) @executable_path/Frameworks @loader_path/Frameworks";
				PRODUCT_BUNDLE_IDENTIFIER = appsquickly.xcode.ProjectToEditTests;
				PRODUCT_NAME = "$(TARGET_NAME)";
				TEST_HOST = "$(BUILT_PRODUCTS_DIR)/ProjectToEdit.app/ProjectToEdit";
			};
			name = Release;
		};
/* End XCBuildConfiguration section */

/* Begin XCConfigurationList section */
		6B1BA7C31C00717F002E44D7 /* Build configuration list for PBXProject "ProjectToEdit" */ = {
			isa = XCConfigurationList;
			buildConfigurations = (
				6B1BA7EB1C00717F002E44D7 /* Debug */,
				6B1BA7EC1C00717F002E44D7 /* Release */,
			);
			defaultConfigurationIsVisible = 0;
			defaultConfigurationName = Release;
		};
		6B1BA7ED1C00717F002E44D7 /* Build configuration list for PBXNativeTarget "ProjectToEdit" */ = {
			isa = XCConfigurationList;
			buildConfigurations = (
				6B1BA7EE1C00717F002E44D7 /* Debug */,
				6B1BA7EF1C00717F002E44D7 /* Release */,
			);
			defaultConfigurationIsVisible = 0;
		};
		6B1BA7F01C00717F002E44D7 /* Build configuration list for PBXNativeTarget "ProjectToEditTests" */ = {
			isa = XCConfigurationList;
			buildConfigurations = (
				6B1BA7F11C00717F002E44D7 /* Debug */,
				6B1BA7F21C00717F002E44D7 /* Release */,
			);
			defaultConfigurationIsVisible = 0;
		};
/* End XCConfigurationList section */
	};
	rootObject = 6B1BA7C01C00717F002E44D7 /* Project object */;
}
